
Microsoft Visual Studio Solution File, Format Version 12.00
# Visual Studio Version 17
VisualStudioVersion = 17.1.32421.90
MinimumVisualStudioVersion = 10.0.40219.1
Project("{FAE04EC0-301F-11D3-BF4B-00C04F79EFBC}") = "VRisingAcademyServer", "VRisingAcademyServer/VRisingAcademyServer.csproj", "{01D003E6-7880-407B-A50A-901B643EE288}"
EndProject
Global
	GlobalSection(SolutionConfigurationPlatforms) = preSolution
		Debug|Any CPU = Debug|Any CPU
		Release|Any CPU = Release|Any CPU
	EndGlobalSection
	GlobalSection(ProjectConfigurationPlatforms) = postSolution
		{01D003E6-7880-407B-A50A-901B643EE288}.Debug|Any CPU.ActiveCfg = Debug|Any CPU
		{01D003E6-7880-407B-A50A-901B643EE288}.Debug|Any CPU.Build.0 = Debug|Any CPU
		{01D003E6-7880-407B-A50A-901B643EE288}.Release|Any CPU.ActiveCfg = Release|Any CPU
		{01D003E6-7880-407B-A50A-901B643EE288}.Release|Any CPU.Build.0 = Release|Any CPU
	EndGlobalSection
	GlobalSection(SolutionProperties) = preSolution
		HideSolutionNode = FALSE
	EndGlobalSection
	GlobalSection(ExtensibilityGlobals) = postSolution
		SolutionGuid = {90CAA3C8-36C5-4CFC-BA1C-2E1C75C04458}
	EndGlobalSection
EndGlobal
